
Microsoft Visual Studio Solution File, Format Version 12.00
# Visual Studio 14
VisualStudioVersion = 14.0.25123.0
MinimumVisualStudioVersion = 10.0.40219.1
Project("{FAE04EC0-301F-11D3-BF4B-00C04F79EFBC}") = "Visual_Novel_Manager", "Visual_Novel_Manager\Visual_Novel_Manager.csproj", "{52610281-A506-4E8C-8C65-4408C88967FE}"
EndProject
Global
	GlobalSection(SolutionConfigurationPlatforms) = preSolution
		Debug|Any CPU = Debug|Any CPU
		Release|Any CPU = Release|Any CPU
	EndGlobalSection
	GlobalSection(ProjectConfigurationPlatforms) = postSolution
		{52610281-A506-4E8C-8C65-4408C88967FE}.Debug|Any CPU.ActiveCfg = Debug|Any CPU
		{52610281-A506-4E8C-8C65-4408C88967FE}.Debug|Any CPU.Build.0 = Debug|Any CPU
		{52610281-A506-4E8C-8C65-4408C88967FE}.Release|Any CPU.ActiveCfg = Release|Any CPU
		{52610281-A506-4E8C-8C65-4408C88967FE}.Release|Any CPU.Build.0 = Release|Any CPU
	EndGlobalSection
	GlobalSection(SolutionProperties) = preSolution
		HideSolutionNode = FALSE
	EndGlobalSection
EndGlobal
